{
  "object": {
    "pins": [
      {
        "package": "TMDBAPI",
        "repositoryURL": "https://github.com/tdle94/TMDBAPI",
        "state": {
          "branch": "main",
          "revision": "62ecc3c25236c061cba039ddf2e44dececf4fb34",
          "version": null
        }
      }
    ]
  },
  "version": 1
}
