{
  "object": {
    "pins": [
      {
        "package": "TMDBAPI",
        "repositoryURL": "https://github.com/tdle94/TMDBAPI",
        "state": {
          "branch": "main",
          "revision": "e739d4651729d43599d4cb51a4b80238aa391a5a",
          "version": null
        }
      }
    ]
  },
  "version": 1
}
