{
  "object": {
    "pins": [
      {
        "package": "TMDBAPI",
        "repositoryURL": "https://github.com/tdle94/TMDBAPI",
        "state": {
          "branch": "main",
          "revision": "74cc87286c9dd20ef5c9c14769ffeeb1259be23c",
          "version": null
        }
      }
    ]
  },
  "version": 1
}
